
Microsoft Visual Studio Solution File, Format Version 12.00
# Visual Studio Version 17
VisualStudioVersion = 17.0.32014.148
MinimumVisualStudioVersion = 10.0.40219.1
Project("{FAE04EC0-301F-11D3-BF4B-00C04F79EFBC}") = "HelperLand", "HelperLand\HelperLand.csproj", "{9A263B0B-E4EC-46D0-BC17-F74EA949B376}"
EndProject
Global
	GlobalSection(SolutionConfigurationPlatforms) = preSolution
		Debug|Any CPU = Debug|Any CPU
		Release|Any CPU = Release|Any CPU
	EndGlobalSection
	GlobalSection(ProjectConfigurationPlatforms) = postSolution
		{9A263B0B-E4EC-46D0-BC17-F74EA949B376}.Debug|Any CPU.ActiveCfg = Debug|Any CPU
		{9A263B0B-E4EC-46D0-BC17-F74EA949B376}.Debug|Any CPU.Build.0 = Debug|Any CPU
		{9A263B0B-E4EC-46D0-BC17-F74EA949B376}.Release|Any CPU.ActiveCfg = Release|Any CPU
		{9A263B0B-E4EC-46D0-BC17-F74EA949B376}.Release|Any CPU.Build.0 = Release|Any CPU
	EndGlobalSection
	GlobalSection(SolutionProperties) = preSolution
		HideSolutionNode = FALSE
	EndGlobalSection
	GlobalSection(ExtensibilityGlobals) = postSolution
		SolutionGuid = {37F1F863-E5B6-4C21-8A2B-3A8B91FA1EBE}
	EndGlobalSection
EndGlobal
